
Microsoft Visual Studio Solution File, Format Version 12.00
# Visual Studio Version 16
VisualStudioVersion = 16.0.31424.327
MinimumVisualStudioVersion = 10.0.40219.1
Project("{9A19103F-16F7-4668-BE54-9A1E7A4F7556}") = "ResetDDLC", "ResetDDLC.csproj", "{866E90FF-3301-4E9E-84CA-7ED5A08CE48F}"
EndProject
Global
	GlobalSection(SolutionConfigurationPlatforms) = preSolution
		Debug|Any CPU = Debug|Any CPU
		Release|Any CPU = Release|Any CPU
	EndGlobalSection
	GlobalSection(ProjectConfigurationPlatforms) = postSolution
		{866E90FF-3301-4E9E-84CA-7ED5A08CE48F}.Debug|Any CPU.ActiveCfg = Debug|Any CPU
		{866E90FF-3301-4E9E-84CA-7ED5A08CE48F}.Debug|Any CPU.Build.0 = Debug|Any CPU
		{866E90FF-3301-4E9E-84CA-7ED5A08CE48F}.Release|Any CPU.ActiveCfg = Release|Any CPU
		{866E90FF-3301-4E9E-84CA-7ED5A08CE48F}.Release|Any CPU.Build.0 = Release|Any CPU
	EndGlobalSection
	GlobalSection(SolutionProperties) = preSolution
		HideSolutionNode = FALSE
	EndGlobalSection
	GlobalSection(ExtensibilityGlobals) = postSolution
		SolutionGuid = {7E72B60A-24AF-43BE-88A4-D3BB90A17150}
	EndGlobalSection
EndGlobal
